// !$*UTF8*$!
{
	archiveVersion = 1;
	classes = {
	};
	objectVersion = 46;
	objects = {

/* Begin PBXBuildFile section */
		7533EEA91A2E0EF4001D12D4 /* YFWebViewController.m in Sources */ = {isa = PBXBuildFile; fileRef = 7533EEA71A2E0EF4001D12D4 /* YFWebViewController.m */; };
		7533EEAA1A2E0EF4001D12D4 /* YFWebViewController.xib in Resources */ = {isa = PBXBuildFile; fileRef = 7533EEA81A2E0EF4001D12D4 /* YFWebViewController.xib */; };
		7533EEAD1A2E10A8001D12D4 /* NSString+HtmlCss.m in Sources */ = {isa = PBXBuildFile; fileRef = 7533EEAC1A2E10A8001D12D4 /* NSString+HtmlCss.m */; };
		7533EEC11A2E14E7001D12D4 /* btn_category@2x.png in Resources */ = {isa = PBXBuildFile; fileRef = 7533EEB31A2E14E7001D12D4 /* btn_category@2x.png */; };
		7533EEC21A2E14E7001D12D4 /* btn_category@3x.png in Resources */ = {isa = PBXBuildFile; fileRef = 7533EEB41A2E14E7001D12D4 /* btn_category@3x.png */; };
		7533EEC31A2E14E7001D12D4 /* btn_home@2x.png in Resources */ = {isa = PBXBuildFile; fileRef = 7533EEB51A2E14E7001D12D4 /* btn_home@2x.png */; };
		7533EEC41A2E14E7001D12D4 /* btn_home@3x.png in Resources */ = {isa = PBXBuildFile; fileRef = 7533EEB61A2E14E7001D12D4 /* btn_home@3x.png */; };
		7533EEC51A2E14E7001D12D4 /* btn_shopping@2x.png in Resources */ = {isa = PBXBuildFile; fileRef = 7533EEB71A2E14E7001D12D4 /* btn_shopping@2x.png */; };
		7533EEC61A2E14E7001D12D4 /* btn_shopping@3x.png in Resources */ = {isa = PBXBuildFile; fileRef = 7533EEB81A2E14E7001D12D4 /* btn_shopping@3x.png */; };
		7533EEC71A2E14E7001D12D4 /* btn_user@2x.png in Resources */ = {isa = PBXBuildFile; fileRef = 7533EEB91A2E14E7001D12D4 /* btn_user@2x.png */; };
		7533EEC81A2E14E7001D12D4 /* btn_user@3x.png in Resources */ = {isa = PBXBuildFile; fileRef = 7533EEBA1A2E14E7001D12D4 /* btn_user@3x.png */; };
		7533EEC91A2E14E7001D12D4 /* icon_message@2x.png in Resources */ = {isa = PBXBuildFile; fileRef = 7533EEBB1A2E14E7001D12D4 /* icon_message@2x.png */; };
		7533EECA1A2E14E7001D12D4 /* icon_message@3x.png in Resources */ = {isa = PBXBuildFile; fileRef = 7533EEBC1A2E14E7001D12D4 /* icon_message@3x.png */; };
		7533EECB1A2E14E7001D12D4 /* icon_qrcode@2x.png in Resources */ = {isa = PBXBuildFile; fileRef = 7533EEBD1A2E14E7001D12D4 /* icon_qrcode@2x.png */; };
		7533EECC1A2E14E7001D12D4 /* icon_qrcode@3x.png in Resources */ = {isa = PBXBuildFile; fileRef = 7533EEBE1A2E14E7001D12D4 /* icon_qrcode@3x.png */; };
		7533EECD1A2E14E7001D12D4 /* icon_search@2x.png in Resources */ = {isa = PBXBuildFile; fileRef = 7533EEBF1A2E14E7001D12D4 /* icon_search@2x.png */; };
		7533EECE1A2E14E7001D12D4 /* icon_search@3x.png in Resources */ = {isa = PBXBuildFile; fileRef = 7533EEC01A2E14E7001D12D4 /* icon_search@3x.png */; };
		7533EED41A2E150A001D12D4 /* line_hon_1px_down.png in Resources */ = {isa = PBXBuildFile; fileRef = 7533EED01A2E150A001D12D4 /* line_hon_1px_down.png */; };
		7533EED51A2E150A001D12D4 /* line_hon_1px_up.png in Resources */ = {isa = PBXBuildFile; fileRef = 7533EED11A2E150A001D12D4 /* line_hon_1px_up.png */; };
		7533EED61A2E150A001D12D4 /* line_ver_1px_left.png in Resources */ = {isa = PBXBuildFile; fileRef = 7533EED21A2E150A001D12D4 /* line_ver_1px_left.png */; };
		7533EED71A2E150A001D12D4 /* line_ver_1px_right.png in Resources */ = {isa = PBXBuildFile; fileRef = 7533EED31A2E150A001D12D4 /* line_ver_1px_right.png */; };
		7533EEEC1A2E1536001D12D4 /* btn_full@2x.png in Resources */ = {isa = PBXBuildFile; fileRef = 7533EEDA1A2E1536001D12D4 /* btn_full@2x.png */; };
		7533EEED1A2E1536001D12D4 /* btn_full@3x.png in Resources */ = {isa = PBXBuildFile; fileRef = 7533EEDB1A2E1536001D12D4 /* btn_full@3x.png */; };
		7533EEEE1A2E1536001D12D4 /* btn_get_code_bg@2x.png in Resources */ = {isa = PBXBuildFile; fileRef = 7533EEDC1A2E1536001D12D4 /* btn_get_code_bg@2x.png */; };
		7533EEEF1A2E1536001D12D4 /* btn_get_code_bg@3x.png in Resources */ = {isa = PBXBuildFile; fileRef = 7533EEDD1A2E1536001D12D4 /* btn_get_code_bg@3x.png */; };
		7533EEF01A2E1536001D12D4 /* icon_code@2x.png in Resources */ = {isa = PBXBuildFile; fileRef = 7533EEDE1A2E1536001D12D4 /* icon_code@2x.png */; };
		7533EEF11A2E1536001D12D4 /* icon_code@3x.png in Resources */ = {isa = PBXBuildFile; fileRef = 7533EEDF1A2E1536001D12D4 /* icon_code@3x.png */; };
		7533EEF21A2E1536001D12D4 /* icon_confirm_pwd@2x.png in Resources */ = {isa = PBXBuildFile; fileRef = 7533EEE01A2E1536001D12D4 /* icon_confirm_pwd@2x.png */; };
		7533EEF31A2E1536001D12D4 /* icon_confirm_pwd@3x.png in Resources */ = {isa = PBXBuildFile; fileRef = 7533EEE11A2E1536001D12D4 /* icon_confirm_pwd@3x.png */; };
		7533EEF41A2E1536001D12D4 /* icon_mobile_num@2x.png in Resources */ = {isa = PBXBuildFile; fileRef = 7533EEE21A2E1536001D12D4 /* icon_mobile_num@2x.png */; };
		7533EEF51A2E1536001D12D4 /* icon_mobile_num@3x.png in Resources */ = {isa = PBXBuildFile; fileRef = 7533EEE31A2E1536001D12D4 /* icon_mobile_num@3x.png */; };
		7533EEF61A2E1536001D12D4 /* icon_pwd@2x.png in Resources */ = {isa = PBXBuildFile; fileRef = 7533EEE41A2E1536001D12D4 /* icon_pwd@2x.png */; };
		7533EEF71A2E1536001D12D4 /* icon_pwd@3x.png in Resources */ = {isa = PBXBuildFile; fileRef = 7533EEE51A2E1536001D12D4 /* icon_pwd@3x.png */; };
		7533EEF81A2E1536001D12D4 /* icon_radio_normal@2x.png in Resources */ = {isa = PBXBuildFile; fileRef = 7533EEE61A2E1536001D12D4 /* icon_radio_normal@2x.png */; };
		7533EEF91A2E1536001D12D4 /* icon_radio_normal@3x.png in Resources */ = {isa = PBXBuildFile; fileRef = 7533EEE71A2E1536001D12D4 /* icon_radio_normal@3x.png */; };
		7533EEFA1A2E1536001D12D4 /* icon_radio_selected@2x.png in Resources */ = {isa = PBXBuildFile; fileRef = 7533EEE81A2E1536001D12D4 /* icon_radio_selected@2x.png */; };
		7533EEFB1A2E1536001D12D4 /* icon_radio_selected@3x.png in Resources */ = {isa = PBXBuildFile; fileRef = 7533EEE91A2E1536001D12D4 /* icon_radio_selected@3x.png */; };
		7533EEFC1A2E1536001D12D4 /* icon_user@2x.png in Resources */ = {isa = PBXBuildFile; fileRef = 7533EEEA1A2E1536001D12D4 /* icon_user@2x.png */; };
		7533EEFD1A2E1536001D12D4 /* icon_user@3x.png in Resources */ = {isa = PBXBuildFile; fileRef = 7533EEEB1A2E1536001D12D4 /* icon_user@3x.png */; };
		7533EF021A2E1549001D12D4 /* icon_header_back@2x.png in Resources */ = {isa = PBXBuildFile; fileRef = 7533EEFE1A2E1549001D12D4 /* icon_header_back@2x.png */; };
		7533EF031A2E1549001D12D4 /* icon_header_back@3x.png in Resources */ = {isa = PBXBuildFile; fileRef = 7533EEFF1A2E1549001D12D4 /* icon_header_back@3x.png */; };
		7533EF041A2E1549001D12D4 /* icon_header_cancel@2x.png in Resources */ = {isa = PBXBuildFile; fileRef = 7533EF001A2E1549001D12D4 /* icon_header_cancel@2x.png */; };
		7533EF051A2E1549001D12D4 /* icon_header_cancel@3x.png in Resources */ = {isa = PBXBuildFile; fileRef = 7533EF011A2E1549001D12D4 /* icon_header_cancel@3x.png */; };
		7533EF071A2E1568001D12D4 /* Mickeyabout.html in Resources */ = {isa = PBXBuildFile; fileRef = 7533EF061A2E1568001D12D4 /* Mickeyabout.html */; };
		7533EF091A2E177E001D12D4 /* htmlTemplate.html in Resources */ = {isa = PBXBuildFile; fileRef = 7533EF081A2E177E001D12D4 /* htmlTemplate.html */; };
		7542C4631A2CA42400BB083D /* LoginViewController.m in Sources */ = {isa = PBXBuildFile; fileRef = 7542C4611A2CA42400BB083D /* LoginViewController.m */; };
		7542C4641A2CA42400BB083D /* LoginViewController.xib in Resources */ = {isa = PBXBuildFile; fileRef = 7542C4621A2CA42400BB083D /* LoginViewController.xib */; };
		7542C4671A2CAB0500BB083D /* CustomLightNavigationController.m in Sources */ = {isa = PBXBuildFile; fileRef = 7542C4661A2CAB0500BB083D /* CustomLightNavigationController.m */; };
		7542C4851A2CC11C00BB083D /* RegisterViewController.m in Sources */ = {isa = PBXBuildFile; fileRef = 7542C4831A2CC11C00BB083D /* RegisterViewController.m */; };
		7542C4861A2CC11C00BB083D /* RegisterViewController.xib in Resources */ = {isa = PBXBuildFile; fileRef = 7542C4841A2CC11C00BB083D /* RegisterViewController.xib */; };
		7542C48E1A2CD09E00BB083D /* ConfirmViewController.m in Sources */ = {isa = PBXBuildFile; fileRef = 7542C48C1A2CD09E00BB083D /* ConfirmViewController.m */; };
		7542C48F1A2CD09E00BB083D /* ConfirmViewController.xib in Resources */ = {isa = PBXBuildFile; fileRef = 7542C48D1A2CD09E00BB083D /* ConfirmViewController.xib */; };
		7542C4A41A2D972400BB083D /* UserInfoViewController.m in Sources */ = {isa = PBXBuildFile; fileRef = 7542C4A21A2D972400BB083D /* UserInfoViewController.m */; };
		7542C4A51A2D972400BB083D /* UserInfoViewController.xib in Resources */ = {isa = PBXBuildFile; fileRef = 7542C4A31A2D972400BB083D /* UserInfoViewController.xib */; };
		758116371A27611900065E65 /* HomeViewController.m in Sources */ = {isa = PBXBuildFile; fileRef = 758116351A27611900065E65 /* HomeViewController.m */; };
		758116381A27611900065E65 /* HomeViewController.xib in Resources */ = {isa = PBXBuildFile; fileRef = 758116361A27611900065E65 /* HomeViewController.xib */; };
		758116711A276E9200065E65 /* Default-568h@2x.png in Resources */ = {isa = PBXBuildFile; fileRef = 758116701A276E9200065E65 /* Default-568h@2x.png */; };
		758954111A24B4A1001C2350 /* main.m in Sources */ = {isa = PBXBuildFile; fileRef = 758954101A24B4A1001C2350 /* main.m */; };
		758954141A24B4A1001C2350 /* AppDelegate.m in Sources */ = {isa = PBXBuildFile; fileRef = 758954131A24B4A1001C2350 /* AppDelegate.m */; };
		7589541C1A24B4A1001C2350 /* Images.xcassets in Resources */ = {isa = PBXBuildFile; fileRef = 7589541B1A24B4A1001C2350 /* Images.xcassets */; };
		7589542B1A24B4A2001C2350 /* SJFoodTests.m in Sources */ = {isa = PBXBuildFile; fileRef = 7589542A1A24B4A2001C2350 /* SJFoodTests.m */; };
		7589543B1A24B853001C2350 /* StartViewController.m in Sources */ = {isa = PBXBuildFile; fileRef = 758954391A24B853001C2350 /* StartViewController.m */; };
		7589543C1A24B853001C2350 /* StartViewController.xib in Resources */ = {isa = PBXBuildFile; fileRef = 7589543A1A24B853001C2350 /* StartViewController.xib */; };
		758954401A24BA69001C2350 /* BaseViewController.m in Sources */ = {isa = PBXBuildFile; fileRef = 7589543F1A24BA69001C2350 /* BaseViewController.m */; };
		758954431A24BA7F001C2350 /* BaseMenuViewController.m in Sources */ = {isa = PBXBuildFile; fileRef = 758954421A24BA7F001C2350 /* BaseMenuViewController.m */; };
		758954471A24BB0E001C2350 /* RootTabBarViewController.m in Sources */ = {isa = PBXBuildFile; fileRef = 758954451A24BB0E001C2350 /* RootTabBarViewController.m */; };
		758954481A24BB0E001C2350 /* RootTabBarViewController.xib in Resources */ = {isa = PBXBuildFile; fileRef = 758954461A24BB0E001C2350 /* RootTabBarViewController.xib */; };
		7589544B1A24BB51001C2350 /* CustomNavigationController.m in Sources */ = {isa = PBXBuildFile; fileRef = 7589544A1A24BB51001C2350 /* CustomNavigationController.m */; };
		758954531A24E685001C2350 /* Reachability.m in Sources */ = {isa = PBXBuildFile; fileRef = 758954521A24E685001C2350 /* Reachability.m */; };
		7599A9FB1A259CC40052E7A9 /* YFProgressHUD.bundle in Resources */ = {isa = PBXBuildFile; fileRef = 7599A9F81A259CC40052E7A9 /* YFProgressHUD.bundle */; };
		7599A9FC1A259CC40052E7A9 /* YFProgressHUD.m in Sources */ = {isa = PBXBuildFile; fileRef = 7599A9FA1A259CC40052E7A9 /* YFProgressHUD.m */; };
		7599A9FF1A259D2B0052E7A9 /* YFDownloader.m in Sources */ = {isa = PBXBuildFile; fileRef = 7599A9FE1A259D2B0052E7A9 /* YFDownloader.m */; };
		7599AA021A259D5B0052E7A9 /* YFDownloaderManager.m in Sources */ = {isa = PBXBuildFile; fileRef = 7599AA011A259D5B0052E7A9 /* YFDownloaderManager.m */; };
		7599AA051A259D910052E7A9 /* YFAsynImageView.m in Sources */ = {isa = PBXBuildFile; fileRef = 7599AA041A259D910052E7A9 /* YFAsynImageView.m */; };
		7599AA081A259DB60052E7A9 /* YFImageDownloader.m in Sources */ = {isa = PBXBuildFile; fileRef = 7599AA071A259DB60052E7A9 /* YFImageDownloader.m */; };
		7599AA0B1A259E030052E7A9 /* UIView+YFUtilities.m in Sources */ = {isa = PBXBuildFile; fileRef = 7599AA0A1A259E030052E7A9 /* UIView+YFUtilities.m */; };
		7599AA0F1A25A3910052E7A9 /* MBProgressHUD.m in Sources */ = {isa = PBXBuildFile; fileRef = 7599AA0E1A25A3910052E7A9 /* MBProgressHUD.m */; };
/* End PBXBuildFile section */

/* Begin PBXContainerItemProxy section */
		758954251A24B4A2001C2350 /* PBXContainerItemProxy */ = {
			isa = PBXContainerItemProxy;
			containerPortal = 758954031A24B4A1001C2350 /* Project object */;
			proxyType = 1;
			remoteGlobalIDString = 7589540A1A24B4A1001C2350;
			remoteInfo = SJFood;
		};
/* End PBXContainerItemProxy section */

/* Begin PBXFileReference section */
		7533EEA61A2E0EF4001D12D4 /* YFWebViewController.h */ = {isa = PBXFileReference; fileEncoding = 4; lastKnownFileType = sourcecode.c.h; path = YFWebViewController.h; sourceTree = "<group>"; };
		7533EEA71A2E0EF4001D12D4 /* YFWebViewController.m */ = {isa = PBXFileReference; fileEncoding = 4; lastKnownFileType = sourcecode.c.objc; path = YFWebViewController.m; sourceTree = "<group>"; };
		7533EEA81A2E0EF4001D12D4 /* YFWebViewController.xib */ = {isa = PBXFileReference; fileEncoding = 4; lastKnownFileType = file.xib; path = YFWebViewController.xib; sourceTree = "<group>"; };
		7533EEAB1A2E10A8001D12D4 /* NSString+HtmlCss.h */ = {isa = PBXFileReference; fileEncoding = 4; lastKnownFileType = sourcecode.c.h; path = "NSString+HtmlCss.h"; sourceTree = "<group>"; };
		7533EEAC1A2E10A8001D12D4 /* NSString+HtmlCss.m */ = {isa = PBXFileReference; fileEncoding = 4; lastKnownFileType = sourcecode.c.objc; path = "NSString+HtmlCss.m"; sourceTree = "<group>"; };
		7533EEB31A2E14E7001D12D4 /* btn_category@2x.png */ = {isa = PBXFileReference; lastKnownFileType = image.png; path = "btn_category@2x.png"; sourceTree = "<group>"; };
		7533EEB41A2E14E7001D12D4 /* btn_category@3x.png */ = {isa = PBXFileReference; lastKnownFileType = image.png; path = "btn_category@3x.png"; sourceTree = "<group>"; };
		7533EEB51A2E14E7001D12D4 /* btn_home@2x.png */ = {isa = PBXFileReference; lastKnownFileType = image.png; path = "btn_home@2x.png"; sourceTree = "<group>"; };
		7533EEB61A2E14E7001D12D4 /* btn_home@3x.png */ = {isa = PBXFileReference; lastKnownFileType = image.png; path = "btn_home@3x.png"; sourceTree = "<group>"; };
		7533EEB71A2E14E7001D12D4 /* btn_shopping@2x.png */ = {isa = PBXFileReference; lastKnownFileType = image.png; path = "btn_shopping@2x.png"; sourceTree = "<group>"; };
		7533EEB81A2E14E7001D12D4 /* btn_shopping@3x.png */ = {isa = PBXFileReference; lastKnownFileType = image.png; path = "btn_shopping@3x.png"; sourceTree = "<group>"; };
		7533EEB91A2E14E7001D12D4 /* btn_user@2x.png */ = {isa = PBXFileReference; lastKnownFileType = image.png; path = "btn_user@2x.png"; sourceTree = "<group>"; };
		7533EEBA1A2E14E7001D12D4 /* btn_user@3x.png */ = {isa = PBXFileReference; lastKnownFileType = image.png; path = "btn_user@3x.png"; sourceTree = "<group>"; };
		7533EEBB1A2E14E7001D12D4 /* icon_message@2x.png */ = {isa = PBXFileReference; lastKnownFileType = image.png; path = "icon_message@2x.png"; sourceTree = "<group>"; };
		7533EEBC1A2E14E7001D12D4 /* icon_message@3x.png */ = {isa = PBXFileReference; lastKnownFileType = image.png; path = "icon_message@3x.png"; sourceTree = "<group>"; };
		7533EEBD1A2E14E7001D12D4 /* icon_qrcode@2x.png */ = {isa = PBXFileReference; lastKnownFileType = image.png; path = "icon_qrcode@2x.png"; sourceTree = "<group>"; };
		7533EEBE1A2E14E7001D12D4 /* icon_qrcode@3x.png */ = {isa = PBXFileReference; lastKnownFileType = image.png; path = "icon_qrcode@3x.png"; sourceTree = "<group>"; };
		7533EEBF1A2E14E7001D12D4 /* icon_search@2x.png */ = {isa = PBXFileReference; lastKnownFileType = image.png; path = "icon_search@2x.png"; sourceTree = "<group>"; };
		7533EEC01A2E14E7001D12D4 /* icon_search@3x.png */ = {isa = PBXFileReference; lastKnownFileType = image.png; path = "icon_search@3x.png"; sourceTree = "<group>"; };
		7533EED01A2E150A001D12D4 /* line_hon_1px_down.png */ = {isa = PBXFileReference; lastKnownFileType = image.png; path = line_hon_1px_down.png; sourceTree = "<group>"; };
		7533EED11A2E150A001D12D4 /* line_hon_1px_up.png */ = {isa = PBXFileReference; lastKnownFileType = image.png; path = line_hon_1px_up.png; sourceTree = "<group>"; };
		7533EED21A2E150A001D12D4 /* line_ver_1px_left.png */ = {isa = PBXFileReference; lastKnownFileType = image.png; path = line_ver_1px_left.png; sourceTree = "<group>"; };
		7533EED31A2E150A001D12D4 /* line_ver_1px_right.png */ = {isa = PBXFileReference; lastKnownFileType = image.png; path = line_ver_1px_right.png; sourceTree = "<group>"; };
		7533EEDA1A2E1536001D12D4 /* btn_full@2x.png */ = {isa = PBXFileReference; lastKnownFileType = image.png; path = "btn_full@2x.png"; sourceTree = "<group>"; };
		7533EEDB1A2E1536001D12D4 /* btn_full@3x.png */ = {isa = PBXFileReference; lastKnownFileType = image.png; path = "btn_full@3x.png"; sourceTree = "<group>"; };
		7533EEDC1A2E1536001D12D4 /* btn_get_code_bg@2x.png */ = {isa = PBXFileReference; lastKnownFileType = image.png; path = "btn_get_code_bg@2x.png"; sourceTree = "<group>"; };
		7533EEDD1A2E1536001D12D4 /* btn_get_code_bg@3x.png */ = {isa = PBXFileReference; lastKnownFileType = image.png; path = "btn_get_code_bg@3x.png"; sourceTree = "<group>"; };
		7533EEDE1A2E1536001D12D4 /* icon_code@2x.png */ = {isa = PBXFileReference; lastKnownFileType = image.png; path = "icon_code@2x.png"; sourceTree = "<group>"; };
		7533EEDF1A2E1536001D12D4 /* icon_code@3x.png */ = {isa = PBXFileReference; lastKnownFileType = image.png; path = "icon_code@3x.png"; sourceTree = "<group>"; };
		7533EEE01A2E1536001D12D4 /* icon_confirm_pwd@2x.png */ = {isa = PBXFileReference; lastKnownFileType = image.png; path = "icon_confirm_pwd@2x.png"; sourceTree = "<group>"; };
		7533EEE11A2E1536001D12D4 /* icon_confirm_pwd@3x.png */ = {isa = PBXFileReference; lastKnownFileType = image.png; path = "icon_confirm_pwd@3x.png"; sourceTree = "<group>"; };
		7533EEE21A2E1536001D12D4 /* icon_mobile_num@2x.png */ = {isa = PBXFileReference; lastKnownFileType = image.png; path = "icon_mobile_num@2x.png"; sourceTree = "<group>"; };
		7533EEE31A2E1536001D12D4 /* icon_mobile_num@3x.png */ = {isa = PBXFileReference; lastKnownFileType = image.png; path = "icon_mobile_num@3x.png"; sourceTree = "<group>"; };
		7533EEE41A2E1536001D12D4 /* icon_pwd@2x.png */ = {isa = PBXFileReference; lastKnownFileType = image.png; path = "icon_pwd@2x.png"; sourceTree = "<group>"; };
		7533EEE51A2E1536001D12D4 /* icon_pwd@3x.png */ = {isa = PBXFileReference; lastKnownFileType = image.png; path = "icon_pwd@3x.png"; sourceTree = "<group>"; };
		7533EEE61A2E1536001D12D4 /* icon_radio_normal@2x.png */ = {isa = PBXFileReference; lastKnownFileType = image.png; path = "icon_radio_normal@2x.png"; sourceTree = "<group>"; };
		7533EEE71A2E1536001D12D4 /* icon_radio_normal@3x.png */ = {isa = PBXFileReference; lastKnownFileType = image.png; path = "icon_radio_normal@3x.png"; sourceTree = "<group>"; };
		7533EEE81A2E1536001D12D4 /* icon_radio_selected@2x.png */ = {isa = PBXFileReference; lastKnownFileType = image.png; path = "icon_radio_selected@2x.png"; sourceTree = "<group>"; };
		7533EEE91A2E1536001D12D4 /* icon_radio_selected@3x.png */ = {isa = PBXFileReference; lastKnownFileType = image.png; path = "icon_radio_selected@3x.png"; sourceTree = "<group>"; };
		7533EEEA1A2E1536001D12D4 /* icon_user@2x.png */ = {isa = PBXFileReference; lastKnownFileType = image.png; path = "icon_user@2x.png"; sourceTree = "<group>"; };
		7533EEEB1A2E1536001D12D4 /* icon_user@3x.png */ = {isa = PBXFileReference; lastKnownFileType = image.png; path = "icon_user@3x.png"; sourceTree = "<group>"; };
		7533EEFE1A2E1549001D12D4 /* icon_header_back@2x.png */ = {isa = PBXFileReference; lastKnownFileType = image.png; path = "icon_header_back@2x.png"; sourceTree = "<group>"; };
		7533EEFF1A2E1549001D12D4 /* icon_header_back@3x.png */ = {isa = PBXFileReference; lastKnownFileType = image.png; path = "icon_header_back@3x.png"; sourceTree = "<group>"; };
		7533EF001A2E1549001D12D4 /* icon_header_cancel@2x.png */ = {isa = PBXFileReference; lastKnownFileType = image.png; path = "icon_header_cancel@2x.png"; sourceTree = "<group>"; };
		7533EF011A2E1549001D12D4 /* icon_header_cancel@3x.png */ = {isa = PBXFileReference; lastKnownFileType = image.png; path = "icon_header_cancel@3x.png"; sourceTree = "<group>"; };
		7533EF061A2E1568001D12D4 /* Mickeyabout.html */ = {isa = PBXFileReference; fileEncoding = 4; lastKnownFileType = text.html; path = Mickeyabout.html; sourceTree = "<group>"; };
		7533EF081A2E177E001D12D4 /* htmlTemplate.html */ = {isa = PBXFileReference; fileEncoding = 4; lastKnownFileType = text.html; path = htmlTemplate.html; sourceTree = "<group>"; };
		7542C4601A2CA42400BB083D /* LoginViewController.h */ = {isa = PBXFileReference; fileEncoding = 4; lastKnownFileType = sourcecode.c.h; path = LoginViewController.h; sourceTree = "<group>"; };
		7542C4611A2CA42400BB083D /* LoginViewController.m */ = {isa = PBXFileReference; fileEncoding = 4; lastKnownFileType = sourcecode.c.objc; path = LoginViewController.m; sourceTree = "<group>"; };
		7542C4621A2CA42400BB083D /* LoginViewController.xib */ = {isa = PBXFileReference; fileEncoding = 4; lastKnownFileType = file.xib; path = LoginViewController.xib; sourceTree = "<group>"; };
		7542C4651A2CAB0500BB083D /* CustomLightNavigationController.h */ = {isa = PBXFileReference; fileEncoding = 4; lastKnownFileType = sourcecode.c.h; path = CustomLightNavigationController.h; sourceTree = "<group>"; };
		7542C4661A2CAB0500BB083D /* CustomLightNavigationController.m */ = {isa = PBXFileReference; fileEncoding = 4; lastKnownFileType = sourcecode.c.objc; path = CustomLightNavigationController.m; sourceTree = "<group>"; };
		7542C4821A2CC11C00BB083D /* RegisterViewController.h */ = {isa = PBXFileReference; fileEncoding = 4; lastKnownFileType = sourcecode.c.h; path = RegisterViewController.h; sourceTree = "<group>"; };
		7542C4831A2CC11C00BB083D /* RegisterViewController.m */ = {isa = PBXFileReference; fileEncoding = 4; lastKnownFileType = sourcecode.c.objc; path = RegisterViewController.m; sourceTree = "<group>"; };
		7542C4841A2CC11C00BB083D /* RegisterViewController.xib */ = {isa = PBXFileReference; fileEncoding = 4; lastKnownFileType = file.xib; path = RegisterViewController.xib; sourceTree = "<group>"; };
		7542C48B1A2CD09E00BB083D /* ConfirmViewController.h */ = {isa = PBXFileReference; fileEncoding = 4; lastKnownFileType = sourcecode.c.h; path = ConfirmViewController.h; sourceTree = "<group>"; };
		7542C48C1A2CD09E00BB083D /* ConfirmViewController.m */ = {isa = PBXFileReference; fileEncoding = 4; lastKnownFileType = sourcecode.c.objc; path = ConfirmViewController.m; sourceTree = "<group>"; };
		7542C48D1A2CD09E00BB083D /* ConfirmViewController.xib */ = {isa = PBXFileReference; fileEncoding = 4; lastKnownFileType = file.xib; path = ConfirmViewController.xib; sourceTree = "<group>"; };
		7542C4A11A2D972400BB083D /* UserInfoViewController.h */ = {isa = PBXFileReference; fileEncoding = 4; lastKnownFileType = sourcecode.c.h; path = UserInfoViewController.h; sourceTree = "<group>"; };
		7542C4A21A2D972400BB083D /* UserInfoViewController.m */ = {isa = PBXFileReference; fileEncoding = 4; lastKnownFileType = sourcecode.c.objc; path = UserInfoViewController.m; sourceTree = "<group>"; };
		7542C4A31A2D972400BB083D /* UserInfoViewController.xib */ = {isa = PBXFileReference; fileEncoding = 4; lastKnownFileType = file.xib; path = UserInfoViewController.xib; sourceTree = "<group>"; };
		758116341A27611900065E65 /* HomeViewController.h */ = {isa = PBXFileReference; fileEncoding = 4; lastKnownFileType = sourcecode.c.h; path = HomeViewController.h; sourceTree = "<group>"; };
		758116351A27611900065E65 /* HomeViewController.m */ = {isa = PBXFileReference; fileEncoding = 4; lastKnownFileType = sourcecode.c.objc; path = HomeViewController.m; sourceTree = "<group>"; };
		758116361A27611900065E65 /* HomeViewController.xib */ = {isa = PBXFileReference; fileEncoding = 4; lastKnownFileType = file.xib; path = HomeViewController.xib; sourceTree = "<group>"; };
		758116701A276E9200065E65 /* Default-568h@2x.png */ = {isa = PBXFileReference; lastKnownFileType = image.png; path = "Default-568h@2x.png"; sourceTree = "<group>"; };
		7589540B1A24B4A1001C2350 /* SJFood.app */ = {isa = PBXFileReference; explicitFileType = wrapper.application; includeInIndex = 0; path = SJFood.app; sourceTree = BUILT_PRODUCTS_DIR; };
		7589540F1A24B4A1001C2350 /* Info.plist */ = {isa = PBXFileReference; lastKnownFileType = text.plist.xml; path = Info.plist; sourceTree = "<group>"; };
		758954101A24B4A1001C2350 /* main.m */ = {isa = PBXFileReference; lastKnownFileType = sourcecode.c.objc; path = main.m; sourceTree = "<group>"; };
		758954121A24B4A1001C2350 /* AppDelegate.h */ = {isa = PBXFileReference; lastKnownFileType = sourcecode.c.h; path = AppDelegate.h; sourceTree = "<group>"; };
		758954131A24B4A1001C2350 /* AppDelegate.m */ = {isa = PBXFileReference; lastKnownFileType = sourcecode.c.objc; path = AppDelegate.m; sourceTree = "<group>"; };
		7589541B1A24B4A1001C2350 /* Images.xcassets */ = {isa = PBXFileReference; lastKnownFileType = folder.assetcatalog; path = Images.xcassets; sourceTree = "<group>"; };
		758954241A24B4A2001C2350 /* SJFoodTests.xctest */ = {isa = PBXFileReference; explicitFileType = wrapper.cfbundle; includeInIndex = 0; path = SJFoodTests.xctest; sourceTree = BUILT_PRODUCTS_DIR; };
		758954291A24B4A2001C2350 /* Info.plist */ = {isa = PBXFileReference; lastKnownFileType = text.plist.xml; path = Info.plist; sourceTree = "<group>"; };
		7589542A1A24B4A2001C2350 /* SJFoodTests.m */ = {isa = PBXFileReference; lastKnownFileType = sourcecode.c.objc; path = SJFoodTests.m; sourceTree = "<group>"; };
		758954341A24B658001C2350 /* Constant.h */ = {isa = PBXFileReference; fileEncoding = 4; lastKnownFileType = sourcecode.c.h; path = Constant.h; sourceTree = "<group>"; };
		758954381A24B853001C2350 /* StartViewController.h */ = {isa = PBXFileReference; fileEncoding = 4; lastKnownFileType = sourcecode.c.h; path = StartViewController.h; sourceTree = "<group>"; };
		758954391A24B853001C2350 /* StartViewController.m */ = {isa = PBXFileReference; fileEncoding = 4; lastKnownFileType = sourcecode.c.objc; path = StartViewController.m; sourceTree = "<group>"; };
		7589543A1A24B853001C2350 /* StartViewController.xib */ = {isa = PBXFileReference; fileEncoding = 4; lastKnownFileType = file.xib; path = StartViewController.xib; sourceTree = "<group>"; };
		7589543E1A24BA69001C2350 /* BaseViewController.h */ = {isa = PBXFileReference; fileEncoding = 4; lastKnownFileType = sourcecode.c.h; path = BaseViewController.h; sourceTree = "<group>"; };
		7589543F1A24BA69001C2350 /* BaseViewController.m */ = {isa = PBXFileReference; fileEncoding = 4; lastKnownFileType = sourcecode.c.objc; path = BaseViewController.m; sourceTree = "<group>"; };
		758954411A24BA7F001C2350 /* BaseMenuViewController.h */ = {isa = PBXFileReference; fileEncoding = 4; lastKnownFileType = sourcecode.c.h; path = BaseMenuViewController.h; sourceTree = "<group>"; };
		758954421A24BA7F001C2350 /* BaseMenuViewController.m */ = {isa = PBXFileReference; fileEncoding = 4; lastKnownFileType = sourcecode.c.objc; path = BaseMenuViewController.m; sourceTree = "<group>"; };
		758954441A24BB0E001C2350 /* RootTabBarViewController.h */ = {isa = PBXFileReference; fileEncoding = 4; lastKnownFileType = sourcecode.c.h; path = RootTabBarViewController.h; sourceTree = "<group>"; };
		758954451A24BB0E001C2350 /* RootTabBarViewController.m */ = {isa = PBXFileReference; fileEncoding = 4; lastKnownFileType = sourcecode.c.objc; path = RootTabBarViewController.m; sourceTree = "<group>"; };
		758954461A24BB0E001C2350 /* RootTabBarViewController.xib */ = {isa = PBXFileReference; fileEncoding = 4; lastKnownFileType = file.xib; path = RootTabBarViewController.xib; sourceTree = "<group>"; };
		758954491A24BB51001C2350 /* CustomNavigationController.h */ = {isa = PBXFileReference; fileEncoding = 4; lastKnownFileType = sourcecode.c.h; path = CustomNavigationController.h; sourceTree = "<group>"; };
		7589544A1A24BB51001C2350 /* CustomNavigationController.m */ = {isa = PBXFileReference; fileEncoding = 4; lastKnownFileType = sourcecode.c.objc; path = CustomNavigationController.m; sourceTree = "<group>"; };
		7589544C1A24BD8D001C2350 /* SJFood-Prefix.pch */ = {isa = PBXFileReference; fileEncoding = 4; lastKnownFileType = sourcecode.c.h; path = "SJFood-Prefix.pch"; sourceTree = "<group>"; };
		758954511A24E685001C2350 /* Reachability.h */ = {isa = PBXFileReference; fileEncoding = 4; lastKnownFileType = sourcecode.c.h; path = Reachability.h; sourceTree = "<group>"; };
		758954521A24E685001C2350 /* Reachability.m */ = {isa = PBXFileReference; fileEncoding = 4; lastKnownFileType = sourcecode.c.objc; path = Reachability.m; sourceTree = "<group>"; };
		7599A9F71A259C630052E7A9 /* YFUtils.h */ = {isa = PBXFileReference; lastKnownFileType = sourcecode.c.h; path = YFUtils.h; sourceTree = "<group>"; };
		7599A9F81A259CC40052E7A9 /* YFProgressHUD.bundle */ = {isa = PBXFileReference; lastKnownFileType = "wrapper.plug-in"; path = YFProgressHUD.bundle; sourceTree = "<group>"; };
		7599A9F91A259CC40052E7A9 /* YFProgressHUD.h */ = {isa = PBXFileReference; fileEncoding = 4; lastKnownFileType = sourcecode.c.h; path = YFProgressHUD.h; sourceTree = "<group>"; };
		7599A9FA1A259CC40052E7A9 /* YFProgressHUD.m */ = {isa = PBXFileReference; fileEncoding = 4; lastKnownFileType = sourcecode.c.objc; path = YFProgressHUD.m; sourceTree = "<group>"; };
		7599A9FD1A259D2B0052E7A9 /* YFDownloader.h */ = {isa = PBXFileReference; fileEncoding = 4; lastKnownFileType = sourcecode.c.h; path = YFDownloader.h; sourceTree = "<group>"; };
		7599A9FE1A259D2B0052E7A9 /* YFDownloader.m */ = {isa = PBXFileReference; fileEncoding = 4; lastKnownFileType = sourcecode.c.objc; path = YFDownloader.m; sourceTree = "<group>"; };
		7599AA001A259D5B0052E7A9 /* YFDownloaderManager.h */ = {isa = PBXFileReference; fileEncoding = 4; lastKnownFileType = sourcecode.c.h; path = YFDownloaderManager.h; sourceTree = "<group>"; };
		7599AA011A259D5B0052E7A9 /* YFDownloaderManager.m */ = {isa = PBXFileReference; fileEncoding = 4; lastKnownFileType = sourcecode.c.objc; path = YFDownloaderManager.m; sourceTree = "<group>"; };
		7599AA031A259D910052E7A9 /* YFAsynImageView.h */ = {isa = PBXFileReference; fileEncoding = 4; lastKnownFileType = sourcecode.c.h; path = YFAsynImageView.h; sourceTree = "<group>"; };
		7599AA041A259D910052E7A9 /* YFAsynImageView.m */ = {isa = PBXFileReference; fileEncoding = 4; lastKnownFileType = sourcecode.c.objc; path = YFAsynImageView.m; sourceTree = "<group>"; };
		7599AA061A259DB60052E7A9 /* YFImageDownloader.h */ = {isa = PBXFileReference; fileEncoding = 4; lastKnownFileType = sourcecode.c.h; path = YFImageDownloader.h; sourceTree = "<group>"; };
		7599AA071A259DB60052E7A9 /* YFImageDownloader.m */ = {isa = PBXFileReference; fileEncoding = 4; lastKnownFileType = sourcecode.c.objc; path = YFImageDownloader.m; sourceTree = "<group>"; };
		7599AA091A259E030052E7A9 /* UIView+YFUtilities.h */ = {isa = PBXFileReference; fileEncoding = 4; lastKnownFileType = sourcecode.c.h; path = "UIView+YFUtilities.h"; sourceTree = "<group>"; };
		7599AA0A1A259E030052E7A9 /* UIView+YFUtilities.m */ = {isa = PBXFileReference; fileEncoding = 4; lastKnownFileType = sourcecode.c.objc; path = "UIView+YFUtilities.m"; sourceTree = "<group>"; };
		7599AA0D1A25A3910052E7A9 /* MBProgressHUD.h */ = {isa = PBXFileReference; fileEncoding = 4; lastKnownFileType = sourcecode.c.h; path = MBProgressHUD.h; sourceTree = "<group>"; };
		7599AA0E1A25A3910052E7A9 /* MBProgressHUD.m */ = {isa = PBXFileReference; fileEncoding = 4; lastKnownFileType = sourcecode.c.objc; path = MBProgressHUD.m; sourceTree = "<group>"; };
/* End PBXFileReference section */

/* Begin PBXFrameworksBuildPhase section */
		758954081A24B4A1001C2350 /* Frameworks */ = {
			isa = PBXFrameworksBuildPhase;
			buildActionMask = 2147483647;
			files = (
			);
			runOnlyForDeploymentPostprocessing = 0;
		};
		758954211A24B4A2001C2350 /* Frameworks */ = {
			isa = PBXFrameworksBuildPhase;
			buildActionMask = 2147483647;
			files = (
			);
			runOnlyForDeploymentPostprocessing = 0;
		};
/* End PBXFrameworksBuildPhase section */

/* Begin PBXGroup section */
		7533EEAE1A2E1496001D12D4 /* Resource */ = {
			isa = PBXGroup;
			children = (
				7533EEB01A2E14C1001D12D4 /* Files */,
				7533EEAF1A2E14B7001D12D4 /* Images */,
			);
			path = Resource;
			sourceTree = "<group>";
		};
		7533EEAF1A2E14B7001D12D4 /* Images */ = {
			isa = PBXGroup;
			children = (
				7533EED91A2E1522001D12D4 /* header */,
				7533EED81A2E1516001D12D4 /* 登录注册 */,
				7533EECF1A2E14F5001D12D4 /* Loading */,
				7533EEB21A2E14D2001D12D4 /* 首页 */,
				7533EEB11A2E14C6001D12D4 /* 欢迎页 */,
			);
			path = Images;
			sourceTree = "<group>";
		};
		7533EEB01A2E14C1001D12D4 /* Files */ = {
			isa = PBXGroup;
			children = (
				7533EF061A2E1568001D12D4 /* Mickeyabout.html */,
				7533EF081A2E177E001D12D4 /* htmlTemplate.html */,
			);
			path = Files;
			sourceTree = "<group>";
		};
		7533EEB11A2E14C6001D12D4 /* 欢迎页 */ = {
			isa = PBXGroup;
			children = (
			);
			name = "欢迎页";
			sourceTree = "<group>";
		};
		7533EEB21A2E14D2001D12D4 /* 首页 */ = {
			isa = PBXGroup;
			children = (
				7533EEB31A2E14E7001D12D4 /* btn_category@2x.png */,
				7533EEB41A2E14E7001D12D4 /* btn_category@3x.png */,
				7533EEB51A2E14E7001D12D4 /* btn_home@2x.png */,
				7533EEB61A2E14E7001D12D4 /* btn_home@3x.png */,
				7533EEB71A2E14E7001D12D4 /* btn_shopping@2x.png */,
				7533EEB81A2E14E7001D12D4 /* btn_shopping@3x.png */,
				7533EEB91A2E14E7001D12D4 /* btn_user@2x.png */,
				7533EEBA1A2E14E7001D12D4 /* btn_user@3x.png */,
				7533EEBB1A2E14E7001D12D4 /* icon_message@2x.png */,
				7533EEBC1A2E14E7001D12D4 /* icon_message@3x.png */,
				7533EEBD1A2E14E7001D12D4 /* icon_qrcode@2x.png */,
				7533EEBE1A2E14E7001D12D4 /* icon_qrcode@3x.png */,
				7533EEBF1A2E14E7001D12D4 /* icon_search@2x.png */,
				7533EEC01A2E14E7001D12D4 /* icon_search@3x.png */,
			);
			name = "首页";
			sourceTree = "<group>";
		};
		7533EECF1A2E14F5001D12D4 /* Loading */ = {
			isa = PBXGroup;
			children = (
				7533EED01A2E150A001D12D4 /* line_hon_1px_down.png */,
				7533EED11A2E150A001D12D4 /* line_hon_1px_up.png */,
				7533EED21A2E150A001D12D4 /* line_ver_1px_left.png */,
				7533EED31A2E150A001D12D4 /* line_ver_1px_right.png */,
			);
			name = Loading;
			sourceTree = "<group>";
		};
		7533EED81A2E1516001D12D4 /* 登录注册 */ = {
			isa = PBXGroup;
			children = (
				7533EEDA1A2E1536001D12D4 /* btn_full@2x.png */,
				7533EEDB1A2E1536001D12D4 /* btn_full@3x.png */,
				7533EEDC1A2E1536001D12D4 /* btn_get_code_bg@2x.png */,
				7533EEDD1A2E1536001D12D4 /* btn_get_code_bg@3x.png */,
				7533EEDE1A2E1536001D12D4 /* icon_code@2x.png */,
				7533EEDF1A2E1536001D12D4 /* icon_code@3x.png */,
				7533EEE01A2E1536001D12D4 /* icon_confirm_pwd@2x.png */,
				7533EEE11A2E1536001D12D4 /* icon_confirm_pwd@3x.png */,
				7533EEE21A2E1536001D12D4 /* icon_mobile_num@2x.png */,
				7533EEE31A2E1536001D12D4 /* icon_mobile_num@3x.png */,
				7533EEE41A2E1536001D12D4 /* icon_pwd@2x.png */,
				7533EEE51A2E1536001D12D4 /* icon_pwd@3x.png */,
				7533EEE61A2E1536001D12D4 /* icon_radio_normal@2x.png */,
				7533EEE71A2E1536001D12D4 /* icon_radio_normal@3x.png */,
				7533EEE81A2E1536001D12D4 /* icon_radio_selected@2x.png */,
				7533EEE91A2E1536001D12D4 /* icon_radio_selected@3x.png */,
				7533EEEA1A2E1536001D12D4 /* icon_user@2x.png */,
				7533EEEB1A2E1536001D12D4 /* icon_user@3x.png */,
			);
			name = "登录注册";
			sourceTree = "<group>";
		};
		7533EED91A2E1522001D12D4 /* header */ = {
			isa = PBXGroup;
			children = (
				7533EEFE1A2E1549001D12D4 /* icon_header_back@2x.png */,
				7533EEFF1A2E1549001D12D4 /* icon_header_back@3x.png */,
				7533EF001A2E1549001D12D4 /* icon_header_cancel@2x.png */,
				7533EF011A2E1549001D12D4 /* icon_header_cancel@3x.png */,
			);
			name = header;
			sourceTree = "<group>";
		};
		7542C45F1A2CA2EA00BB083D /* 登录注册 */ = {
			isa = PBXGroup;
			children = (
				7542C4601A2CA42400BB083D /* LoginViewController.h */,
				7542C4611A2CA42400BB083D /* LoginViewController.m */,
				7542C4621A2CA42400BB083D /* LoginViewController.xib */,
				7542C4821A2CC11C00BB083D /* RegisterViewController.h */,
				7542C4831A2CC11C00BB083D /* RegisterViewController.m */,
				7542C4841A2CC11C00BB083D /* RegisterViewController.xib */,
				7542C48B1A2CD09E00BB083D /* ConfirmViewController.h */,
				7542C48C1A2CD09E00BB083D /* ConfirmViewController.m */,
				7542C48D1A2CD09E00BB083D /* ConfirmViewController.xib */,
			);
			path = "登录注册";
			sourceTree = "<group>";
		};
		7542C4A01A2D970E00BB083D /* 我的 */ = {
			isa = PBXGroup;
			children = (
				7542C4A11A2D972400BB083D /* UserInfoViewController.h */,
				7542C4A21A2D972400BB083D /* UserInfoViewController.m */,
				7542C4A31A2D972400BB083D /* UserInfoViewController.xib */,
			);
			path = "我的";
			sourceTree = "<group>";
		};
		758116301A26E46200065E65 /* 首页 */ = {
			isa = PBXGroup;
			children = (
				758116341A27611900065E65 /* HomeViewController.h */,
				758116351A27611900065E65 /* HomeViewController.m */,
				758116361A27611900065E65 /* HomeViewController.xib */,
			);
			path = "首页";
			sourceTree = "<group>";
		};
		758954021A24B4A1001C2350 = {
			isa = PBXGroup;
			children = (
				758116701A276E9200065E65 /* Default-568h@2x.png */,
				7589540D1A24B4A1001C2350 /* RootDirectory */,
				758954271A24B4A2001C2350 /* SJFoodTests */,
				7589540C1A24B4A1001C2350 /* Products */,
			);
			sourceTree = "<group>";
		};
		7589540C1A24B4A1001C2350 /* Products */ = {
			isa = PBXGroup;
			children = (
				7589540B1A24B4A1001C2350 /* SJFood.app */,
				758954241A24B4A2001C2350 /* SJFoodTests.xctest */,
			);
			name = Products;
			sourceTree = "<group>";
		};
		7589540D1A24B4A1001C2350 /* RootDirectory */ = {
			isa = PBXGroup;
			children = (
				758954341A24B658001C2350 /* Constant.h */,
				758954121A24B4A1001C2350 /* AppDelegate.h */,
				758954131A24B4A1001C2350 /* AppDelegate.m */,
				758954381A24B853001C2350 /* StartViewController.h */,
				758954391A24B853001C2350 /* StartViewController.m */,
				7589543A1A24B853001C2350 /* StartViewController.xib */,
				7589543D1A24BA1F001C2350 /* ViewControllers */,
				7533EEAE1A2E1496001D12D4 /* Resource */,
				7589544D1A24E5FE001C2350 /* Utilities */,
				7589541B1A24B4A1001C2350 /* Images.xcassets */,
				7589540E1A24B4A1001C2350 /* Supporting Files */,
			);
			name = RootDirectory;
			path = SJFood;
			sourceTree = "<group>";
		};
		7589540E1A24B4A1001C2350 /* Supporting Files */ = {
			isa = PBXGroup;
			children = (
				7589544C1A24BD8D001C2350 /* SJFood-Prefix.pch */,
				7589540F1A24B4A1001C2350 /* Info.plist */,
				758954101A24B4A1001C2350 /* main.m */,
			);
			name = "Supporting Files";
			sourceTree = "<group>";
		};
		758954271A24B4A2001C2350 /* SJFoodTests */ = {
			isa = PBXGroup;
			children = (
				7589542A1A24B4A2001C2350 /* SJFoodTests.m */,
				758954281A24B4A2001C2350 /* Supporting Files */,
			);
			path = SJFoodTests;
			sourceTree = "<group>";
		};
		758954281A24B4A2001C2350 /* Supporting Files */ = {
			isa = PBXGroup;
			children = (
				758954291A24B4A2001C2350 /* Info.plist */,
			);
			name = "Supporting Files";
			sourceTree = "<group>";
		};
		7589543D1A24BA1F001C2350 /* ViewControllers */ = {
			isa = PBXGroup;
			children = (
				7589543E1A24BA69001C2350 /* BaseViewController.h */,
				7589543F1A24BA69001C2350 /* BaseViewController.m */,
				758954411A24BA7F001C2350 /* BaseMenuViewController.h */,
				758954421A24BA7F001C2350 /* BaseMenuViewController.m */,
				758954441A24BB0E001C2350 /* RootTabBarViewController.h */,
				758954451A24BB0E001C2350 /* RootTabBarViewController.m */,
				758954461A24BB0E001C2350 /* RootTabBarViewController.xib */,
				758954491A24BB51001C2350 /* CustomNavigationController.h */,
				7589544A1A24BB51001C2350 /* CustomNavigationController.m */,
				7542C4651A2CAB0500BB083D /* CustomLightNavigationController.h */,
				7542C4661A2CAB0500BB083D /* CustomLightNavigationController.m */,
				7542C4A01A2D970E00BB083D /* 我的 */,
				7542C45F1A2CA2EA00BB083D /* 登录注册 */,
				758116301A26E46200065E65 /* 首页 */,
			);
			path = ViewControllers;
			sourceTree = "<group>";
		};
		7589544D1A24E5FE001C2350 /* Utilities */ = {
			isa = PBXGroup;
			children = (
				7589544F1A24E663001C2350 /* 3rd */,
				7589544E1A24E64A001C2350 /* YFUtilities */,
			);
			path = Utilities;
			sourceTree = "<group>";
		};
		7589544E1A24E64A001C2350 /* YFUtilities */ = {
			isa = PBXGroup;
			children = (
				7599A9F71A259C630052E7A9 /* YFUtils.h */,
				7599A9F81A259CC40052E7A9 /* YFProgressHUD.bundle */,
				7599A9F91A259CC40052E7A9 /* YFProgressHUD.h */,
				7599A9FA1A259CC40052E7A9 /* YFProgressHUD.m */,
				7599A9FD1A259D2B0052E7A9 /* YFDownloader.h */,
				7599A9FE1A259D2B0052E7A9 /* YFDownloader.m */,
				7599AA001A259D5B0052E7A9 /* YFDownloaderManager.h */,
				7599AA011A259D5B0052E7A9 /* YFDownloaderManager.m */,
				7599AA031A259D910052E7A9 /* YFAsynImageView.h */,
				7599AA041A259D910052E7A9 /* YFAsynImageView.m */,
				7599AA061A259DB60052E7A9 /* YFImageDownloader.h */,
				7599AA071A259DB60052E7A9 /* YFImageDownloader.m */,
				7599AA091A259E030052E7A9 /* UIView+YFUtilities.h */,
				7599AA0A1A259E030052E7A9 /* UIView+YFUtilities.m */,
				7533EEA61A2E0EF4001D12D4 /* YFWebViewController.h */,
				7533EEA71A2E0EF4001D12D4 /* YFWebViewController.m */,
				7533EEA81A2E0EF4001D12D4 /* YFWebViewController.xib */,
				7533EEAB1A2E10A8001D12D4 /* NSString+HtmlCss.h */,
				7533EEAC1A2E10A8001D12D4 /* NSString+HtmlCss.m */,
			);
			path = YFUtilities;
			sourceTree = "<group>";
		};
		7589544F1A24E663001C2350 /* 3rd */ = {
			isa = PBXGroup;
			children = (
				758954501A24E685001C2350 /* Reachability */,
				7599AA0C1A25A3910052E7A9 /* MBProgressHUD */,
			);
			path = 3rd;
			sourceTree = "<group>";
		};
		758954501A24E685001C2350 /* Reachability */ = {
			isa = PBXGroup;
			children = (
				758954511A24E685001C2350 /* Reachability.h */,
				758954521A24E685001C2350 /* Reachability.m */,
			);
			path = Reachability;
			sourceTree = "<group>";
		};
		7599AA0C1A25A3910052E7A9 /* MBProgressHUD */ = {
			isa = PBXGroup;
			children = (
				7599AA0D1A25A3910052E7A9 /* MBProgressHUD.h */,
				7599AA0E1A25A3910052E7A9 /* MBProgressHUD.m */,
			);
			path = MBProgressHUD;
			sourceTree = "<group>";
		};
/* End PBXGroup section */

/* Begin PBXNativeTarget section */
		7589540A1A24B4A1001C2350 /* SJFood */ = {
			isa = PBXNativeTarget;
			buildConfigurationList = 7589542E1A24B4A2001C2350 /* Build configuration list for PBXNativeTarget "SJFood" */;
			buildPhases = (
				758954071A24B4A1001C2350 /* Sources */,
				758954081A24B4A1001C2350 /* Frameworks */,
				758954091A24B4A1001C2350 /* Resources */,
			);
			buildRules = (
			);
			dependencies = (
			);
			name = SJFood;
			productName = SJFood;
			productReference = 7589540B1A24B4A1001C2350 /* SJFood.app */;
			productType = "com.apple.product-type.application";
		};
		758954231A24B4A2001C2350 /* SJFoodTests */ = {
			isa = PBXNativeTarget;
			buildConfigurationList = 758954311A24B4A2001C2350 /* Build configuration list for PBXNativeTarget "SJFoodTests" */;
			buildPhases = (
				758954201A24B4A2001C2350 /* Sources */,
				758954211A24B4A2001C2350 /* Frameworks */,
				758954221A24B4A2001C2350 /* Resources */,
			);
			buildRules = (
			);
			dependencies = (
				758954261A24B4A2001C2350 /* PBXTargetDependency */,
			);
			name = SJFoodTests;
			productName = SJFoodTests;
			productReference = 758954241A24B4A2001C2350 /* SJFoodTests.xctest */;
			productType = "com.apple.product-type.bundle.unit-test";
		};
/* End PBXNativeTarget section */

/* Begin PBXProject section */
		758954031A24B4A1001C2350 /* Project object */ = {
			isa = PBXProject;
			attributes = {
				LastUpgradeCheck = 0610;
				ORGANIZATIONNAME = "Ye Fan";
				TargetAttributes = {
					7589540A1A24B4A1001C2350 = {
						CreatedOnToolsVersion = 6.1;
						DevelopmentTeam = 3WTM5PLDUE;
					};
					758954231A24B4A2001C2350 = {
						CreatedOnToolsVersion = 6.1;
						TestTargetID = 7589540A1A24B4A1001C2350;
					};
				};
			};
			buildConfigurationList = 758954061A24B4A1001C2350 /* Build configuration list for PBXProject "SJFood" */;
			compatibilityVersion = "Xcode 3.2";
			developmentRegion = English;
			hasScannedForEncodings = 0;
			knownRegions = (
				en,
				Base,
			);
			mainGroup = 758954021A24B4A1001C2350;
			productRefGroup = 7589540C1A24B4A1001C2350 /* Products */;
			projectDirPath = "";
			projectRoot = "";
			targets = (
				7589540A1A24B4A1001C2350 /* SJFood */,
				758954231A24B4A2001C2350 /* SJFoodTests */,
			);
		};
/* End PBXProject section */

/* Begin PBXResourcesBuildPhase section */
		758954091A24B4A1001C2350 /* Resources */ = {
			isa = PBXResourcesBuildPhase;
			buildActionMask = 2147483647;
			files = (
				758954481A24BB0E001C2350 /* RootTabBarViewController.xib in Resources */,
				7533EEC21A2E14E7001D12D4 /* btn_category@3x.png in Resources */,
				7533EEAA1A2E0EF4001D12D4 /* YFWebViewController.xib in Resources */,
				7533EEEF1A2E1536001D12D4 /* btn_get_code_bg@3x.png in Resources */,
				7533EEFB1A2E1536001D12D4 /* icon_radio_selected@3x.png in Resources */,
				7542C4641A2CA42400BB083D /* LoginViewController.xib in Resources */,
				7533EEC41A2E14E7001D12D4 /* btn_home@3x.png in Resources */,
				7533EED61A2E150A001D12D4 /* line_ver_1px_left.png in Resources */,
				7533EF021A2E1549001D12D4 /* icon_header_back@2x.png in Resources */,
				7533EF091A2E177E001D12D4 /* htmlTemplate.html in Resources */,
				7533EEC91A2E14E7001D12D4 /* icon_message@2x.png in Resources */,
				7599A9FB1A259CC40052E7A9 /* YFProgressHUD.bundle in Resources */,
				7533EEC71A2E14E7001D12D4 /* btn_user@2x.png in Resources */,
				7533EEC31A2E14E7001D12D4 /* btn_home@2x.png in Resources */,
				7533EEC61A2E14E7001D12D4 /* btn_shopping@3x.png in Resources */,
				758116381A27611900065E65 /* HomeViewController.xib in Resources */,
				7533EEF21A2E1536001D12D4 /* icon_confirm_pwd@2x.png in Resources */,
				7533EEF01A2E1536001D12D4 /* icon_code@2x.png in Resources */,
				7533EEC51A2E14E7001D12D4 /* btn_shopping@2x.png in Resources */,
				7533EEF91A2E1536001D12D4 /* icon_radio_normal@3x.png in Resources */,
				7533EEFA1A2E1536001D12D4 /* icon_radio_selected@2x.png in Resources */,
				7589541C1A24B4A1001C2350 /* Images.xcassets in Resources */,
				7589543C1A24B853001C2350 /* StartViewController.xib in Resources */,
				7533EECC1A2E14E7001D12D4 /* icon_qrcode@3x.png in Resources */,
				7533EEC11A2E14E7001D12D4 /* btn_category@2x.png in Resources */,
				7533EEF11A2E1536001D12D4 /* icon_code@3x.png in Resources */,
				7533EEF71A2E1536001D12D4 /* icon_pwd@3x.png in Resources */,
				7533EEF81A2E1536001D12D4 /* icon_radio_normal@2x.png in Resources */,
				7533EECB1A2E14E7001D12D4 /* icon_qrcode@2x.png in Resources */,
				7533EF071A2E1568001D12D4 /* Mickeyabout.html in Resources */,
				7533EEF51A2E1536001D12D4 /* icon_mobile_num@3x.png in Resources */,
				7533EECD1A2E14E7001D12D4 /* icon_search@2x.png in Resources */,
				7542C48F1A2CD09E00BB083D /* ConfirmViewController.xib in Resources */,
				7533EEEC1A2E1536001D12D4 /* btn_full@2x.png in Resources */,
				7533EEFD1A2E1536001D12D4 /* icon_user@3x.png in Resources */,
				7533EED41A2E150A001D12D4 /* line_hon_1px_down.png in Resources */,
				7533EF051A2E1549001D12D4 /* icon_header_cancel@3x.png in Resources */,
				7533EF041A2E1549001D12D4 /* icon_header_cancel@2x.png in Resources */,
				7533EEEE1A2E1536001D12D4 /* btn_get_code_bg@2x.png in Resources */,
				758116711A276E9200065E65 /* Default-568h@2x.png in Resources */,
				7533EEF41A2E1536001D12D4 /* icon_mobile_num@2x.png in Resources */,
				7542C4861A2CC11C00BB083D /* RegisterViewController.xib in Resources */,
				7533EED71A2E150A001D12D4 /* line_ver_1px_right.png in Resources */,
				7542C4A51A2D972400BB083D /* UserInfoViewController.xib in Resources */,
				7533EECE1A2E14E7001D12D4 /* icon_search@3x.png in Resources */,
				7533EEC81A2E14E7001D12D4 /* btn_user@3x.png in Resources */,
				7533EECA1A2E14E7001D12D4 /* icon_message@3x.png in Resources */,
				7533EEED1A2E1536001D12D4 /* btn_full@3x.png in Resources */,
				7533EEF31A2E1536001D12D4 /* icon_confirm_pwd@3x.png in Resources */,
				7533EED51A2E150A001D12D4 /* line_hon_1px_up.png in Resources */,
				7533EEFC1A2E1536001D12D4 /* icon_user@2x.png in Resources */,
				7533EF031A2E1549001D12D4 /* icon_header_back@3x.png in Resources */,
				7533EEF61A2E1536001D12D4 /* icon_pwd@2x.png in Resources */,
			);
			runOnlyForDeploymentPostprocessing = 0;
		};
		758954221A24B4A2001C2350 /* Resources */ = {
			isa = PBXResourcesBuildPhase;
			buildActionMask = 2147483647;
			files = (
			);
			runOnlyForDeploymentPostprocessing = 0;
		};
/* End PBXResourcesBuildPhase section */

/* Begin PBXSourcesBuildPhase section */
		758954071A24B4A1001C2350 /* Sources */ = {
			isa = PBXSourcesBuildPhase;
			buildActionMask = 2147483647;
			files = (
				7599AA081A259DB60052E7A9 /* YFImageDownloader.m in Sources */,
				7542C4671A2CAB0500BB083D /* CustomLightNavigationController.m in Sources */,
				758954431A24BA7F001C2350 /* BaseMenuViewController.m in Sources */,
				7599AA021A259D5B0052E7A9 /* YFDownloaderManager.m in Sources */,
				7533EEA91A2E0EF4001D12D4 /* YFWebViewController.m in Sources */,
				7589543B1A24B853001C2350 /* StartViewController.m in Sources */,
				7542C4A41A2D972400BB083D /* UserInfoViewController.m in Sources */,
				758954531A24E685001C2350 /* Reachability.m in Sources */,
				7599AA051A259D910052E7A9 /* YFAsynImageView.m in Sources */,
				7589544B1A24BB51001C2350 /* CustomNavigationController.m in Sources */,
				7542C4851A2CC11C00BB083D /* RegisterViewController.m in Sources */,
				7542C4631A2CA42400BB083D /* LoginViewController.m in Sources */,
				758116371A27611900065E65 /* HomeViewController.m in Sources */,
				7542C48E1A2CD09E00BB083D /* ConfirmViewController.m in Sources */,
				7599AA0F1A25A3910052E7A9 /* MBProgressHUD.m in Sources */,
				7599A9FC1A259CC40052E7A9 /* YFProgressHUD.m in Sources */,
				7533EEAD1A2E10A8001D12D4 /* NSString+HtmlCss.m in Sources */,
				7599A9FF1A259D2B0052E7A9 /* YFDownloader.m in Sources */,
				758954471A24BB0E001C2350 /* RootTabBarViewController.m in Sources */,
				7599AA0B1A259E030052E7A9 /* UIView+YFUtilities.m in Sources */,
				758954401A24BA69001C2350 /* BaseViewController.m in Sources */,
				758954141A24B4A1001C2350 /* AppDelegate.m in Sources */,
				758954111A24B4A1001C2350 /* main.m in Sources */,
			);
			runOnlyForDeploymentPostprocessing = 0;
		};
		758954201A24B4A2001C2350 /* Sources */ = {
			isa = PBXSourcesBuildPhase;
			buildActionMask = 2147483647;
			files = (
				7589542B1A24B4A2001C2350 /* SJFoodTests.m in Sources */,
			);
			runOnlyForDeploymentPostprocessing = 0;
		};
/* End PBXSourcesBuildPhase section */

/* Begin PBXTargetDependency section */
		758954261A24B4A2001C2350 /* PBXTargetDependency */ = {
			isa = PBXTargetDependency;
			target = 7589540A1A24B4A1001C2350 /* SJFood */;
			targetProxy = 758954251A24B4A2001C2350 /* PBXContainerItemProxy */;
		};
/* End PBXTargetDependency section */

/* Begin XCBuildConfiguration section */
		7589542C1A24B4A2001C2350 /* Debug */ = {
			isa = XCBuildConfiguration;
			buildSettings = {
				ALWAYS_SEARCH_USER_PATHS = NO;
				CLANG_CXX_LANGUAGE_STANDARD = "gnu++0x";
				CLANG_CXX_LIBRARY = "libc++";
				CLANG_ENABLE_MODULES = YES;
				CLANG_ENABLE_OBJC_ARC = YES;
				CLANG_WARN_BOOL_CONVERSION = YES;
				CLANG_WARN_CONSTANT_CONVERSION = YES;
				CLANG_WARN_DIRECT_OBJC_ISA_USAGE = YES_ERROR;
				CLANG_WARN_EMPTY_BODY = YES;
				CLANG_WARN_ENUM_CONVERSION = YES;
				CLANG_WARN_INT_CONVERSION = YES;
				CLANG_WARN_OBJC_ROOT_CLASS = YES_ERROR;
				CLANG_WARN_UNREACHABLE_CODE = YES;
				CLANG_WARN__DUPLICATE_METHOD_MATCH = YES;
				"CODE_SIGN_IDENTITY[sdk=iphoneos*]" = "iPhone Developer";
				COPY_PHASE_STRIP = NO;
				ENABLE_STRICT_OBJC_MSGSEND = YES;
				GCC_C_LANGUAGE_STANDARD = gnu99;
				GCC_DYNAMIC_NO_PIC = NO;
				GCC_OPTIMIZATION_LEVEL = 0;
				GCC_PRECOMPILE_PREFIX_HEADER = YES;
				GCC_PREFIX_HEADER = "SJFood/SJFood-Prefix.pch";
				GCC_PREPROCESSOR_DEFINITIONS = (
					"DEBUG=1",
					"$(inherited)",
				);
				GCC_SYMBOLS_PRIVATE_EXTERN = NO;
				GCC_WARN_64_TO_32_BIT_CONVERSION = YES;
				GCC_WARN_ABOUT_RETURN_TYPE = YES_ERROR;
				GCC_WARN_UNDECLARED_SELECTOR = YES;
				GCC_WARN_UNINITIALIZED_AUTOS = YES_AGGRESSIVE;
				GCC_WARN_UNUSED_FUNCTION = YES;
				GCC_WARN_UNUSED_VARIABLE = YES;
				IPHONEOS_DEPLOYMENT_TARGET = 7.0;
				MTL_ENABLE_DEBUG_INFO = YES;
				ONLY_ACTIVE_ARCH = YES;
				SDKROOT = iphoneos;
			};
			name = Debug;
		};
		7589542D1A24B4A2001C2350 /* Release */ = {
			isa = XCBuildConfiguration;
			buildSettings = {
				ALWAYS_SEARCH_USER_PATHS = NO;
				CLANG_CXX_LANGUAGE_STANDARD = "gnu++0x";
				CLANG_CXX_LIBRARY = "libc++";
				CLANG_ENABLE_MODULES = YES;
				CLANG_ENABLE_OBJC_ARC = YES;
				CLANG_WARN_BOOL_CONVERSION = YES;
				CLANG_WARN_CONSTANT_CONVERSION = YES;
				CLANG_WARN_DIRECT_OBJC_ISA_USAGE = YES_ERROR;
				CLANG_WARN_EMPTY_BODY = YES;
				CLANG_WARN_ENUM_CONVERSION = YES;
				CLANG_WARN_INT_CONVERSION = YES;
				CLANG_WARN_OBJC_ROOT_CLASS = YES_ERROR;
				CLANG_WARN_UNREACHABLE_CODE = YES;
				CLANG_WARN__DUPLICATE_METHOD_MATCH = YES;
				"CODE_SIGN_IDENTITY[sdk=iphoneos*]" = "iPhone Developer";
				COPY_PHASE_STRIP = YES;
				ENABLE_NS_ASSERTIONS = NO;
				ENABLE_STRICT_OBJC_MSGSEND = YES;
				GCC_C_LANGUAGE_STANDARD = gnu99;
				GCC_PRECOMPILE_PREFIX_HEADER = YES;
				GCC_PREFIX_HEADER = "SJFood/SJFood-Prefix.pch";
				GCC_WARN_64_TO_32_BIT_CONVERSION = YES;
				GCC_WARN_ABOUT_RETURN_TYPE = YES_ERROR;
				GCC_WARN_UNDECLARED_SELECTOR = YES;
				GCC_WARN_UNINITIALIZED_AUTOS = YES_AGGRESSIVE;
				GCC_WARN_UNUSED_FUNCTION = YES;
				GCC_WARN_UNUSED_VARIABLE = YES;
				IPHONEOS_DEPLOYMENT_TARGET = 7.0;
				MTL_ENABLE_DEBUG_INFO = NO;
				SDKROOT = iphoneos;
				VALIDATE_PRODUCT = YES;
			};
			name = Release;
		};
		7589542F1A24B4A2001C2350 /* Debug */ = {
			isa = XCBuildConfiguration;
			buildSettings = {
				ASSETCATALOG_COMPILER_APPICON_NAME = AppIcon;
				CODE_SIGN_IDENTITY = "iPhone Developer";
				INFOPLIST_FILE = SJFood/Info.plist;
				IPHONEOS_DEPLOYMENT_TARGET = 7.0;
				LD_RUNPATH_SEARCH_PATHS = "$(inherited) @executable_path/Frameworks";
				PRODUCT_NAME = "$(TARGET_NAME)";
			};
			name = Debug;
		};
		758954301A24B4A2001C2350 /* Release */ = {
			isa = XCBuildConfiguration;
			buildSettings = {
				ASSETCATALOG_COMPILER_APPICON_NAME = AppIcon;
				CODE_SIGN_IDENTITY = "iPhone Developer";
				INFOPLIST_FILE = SJFood/Info.plist;
				IPHONEOS_DEPLOYMENT_TARGET = 7.0;
				LD_RUNPATH_SEARCH_PATHS = "$(inherited) @executable_path/Frameworks";
				PRODUCT_NAME = "$(TARGET_NAME)";
			};
			name = Release;
		};
		758954321A24B4A2001C2350 /* Debug */ = {
			isa = XCBuildConfiguration;
			buildSettings = {
				BUNDLE_LOADER = "$(TEST_HOST)";
				FRAMEWORK_SEARCH_PATHS = (
					"$(SDKROOT)/Developer/Library/Frameworks",
					"$(inherited)",
				);
				GCC_PREPROCESSOR_DEFINITIONS = (
					"DEBUG=1",
					"$(inherited)",
				);
				INFOPLIST_FILE = SJFoodTests/Info.plist;
				LD_RUNPATH_SEARCH_PATHS = "$(inherited) @executable_path/Frameworks @loader_path/Frameworks";
				PRODUCT_NAME = "$(TARGET_NAME)";
				TEST_HOST = "$(BUILT_PRODUCTS_DIR)/SJFood.app/SJFood";
			};
			name = Debug;
		};
		758954331A24B4A2001C2350 /* Release */ = {
			isa = XCBuildConfiguration;
			buildSettings = {
				BUNDLE_LOADER = "$(TEST_HOST)";
				FRAMEWORK_SEARCH_PATHS = (
					"$(SDKROOT)/Developer/Library/Frameworks",
					"$(inherited)",
				);
				INFOPLIST_FILE = SJFoodTests/Info.plist;
				LD_RUNPATH_SEARCH_PATHS = "$(inherited) @executable_path/Frameworks @loader_path/Frameworks";
				PRODUCT_NAME = "$(TARGET_NAME)";
				TEST_HOST = "$(BUILT_PRODUCTS_DIR)/SJFood.app/SJFood";
			};
			name = Release;
		};
/* End XCBuildConfiguration section */

/* Begin XCConfigurationList section */
		758954061A24B4A1001C2350 /* Build configuration list for PBXProject "SJFood" */ = {
			isa = XCConfigurationList;
			buildConfigurations = (
				7589542C1A24B4A2001C2350 /* Debug */,
				7589542D1A24B4A2001C2350 /* Release */,
			);
			defaultConfigurationIsVisible = 0;
			defaultConfigurationName = Release;
		};
		7589542E1A24B4A2001C2350 /* Build configuration list for PBXNativeTarget "SJFood" */ = {
			isa = XCConfigurationList;
			buildConfigurations = (
				7589542F1A24B4A2001C2350 /* Debug */,
				758954301A24B4A2001C2350 /* Release */,
			);
			defaultConfigurationIsVisible = 0;
			defaultConfigurationName = Release;
		};
		758954311A24B4A2001C2350 /* Build configuration list for PBXNativeTarget "SJFoodTests" */ = {
			isa = XCConfigurationList;
			buildConfigurations = (
				758954321A24B4A2001C2350 /* Debug */,
				758954331A24B4A2001C2350 /* Release */,
			);
			defaultConfigurationIsVisible = 0;
			defaultConfigurationName = Release;
		};
/* End XCConfigurationList section */
	};
	rootObject = 758954031A24B4A1001C2350 /* Project object */;
}
